
Microsoft Visual Studio Solution File, Format Version 12.00
# Visual Studio Version 16
VisualStudioVersion = 16.0.30711.63
MinimumVisualStudioVersion = 10.0.40219.1
Project("{9A19103F-16F7-4668-BE54-9A1E7A4F7556}") = "les7-test", "les7-test.csproj", "{A235B4E9-8BE0-42E1-8ED5-9B831D631194}"
EndProject
Global
	GlobalSection(SolutionConfigurationPlatforms) = preSolution
		Debug|Any CPU = Debug|Any CPU
		Release|Any CPU = Release|Any CPU
	EndGlobalSection
	GlobalSection(ProjectConfigurationPlatforms) = postSolution
		{A235B4E9-8BE0-42E1-8ED5-9B831D631194}.Debug|Any CPU.ActiveCfg = Debug|Any CPU
		{A235B4E9-8BE0-42E1-8ED5-9B831D631194}.Debug|Any CPU.Build.0 = Debug|Any CPU
		{A235B4E9-8BE0-42E1-8ED5-9B831D631194}.Release|Any CPU.ActiveCfg = Release|Any CPU
		{A235B4E9-8BE0-42E1-8ED5-9B831D631194}.Release|Any CPU.Build.0 = Release|Any CPU
	EndGlobalSection
	GlobalSection(SolutionProperties) = preSolution
		HideSolutionNode = FALSE
	EndGlobalSection
	GlobalSection(ExtensibilityGlobals) = postSolution
		SolutionGuid = {57FC0D2A-90DD-4D86-918C-7890D271E270}
	EndGlobalSection
EndGlobal
